<?xml version="1.0" encoding="utf-8"?>
<Project ToolsVersion="4.0" xmlns="http://schemas.microsoft.com/developer/msbuild/2003">
  <ItemGroup>
    <Filter Include="Source Files">
      <UniqueIdentifier>{4FC737F1-C7A5-4376-A066-2A32D752A2FF}</UniqueIdentifier>
      <Extensions>cpp;c;cc;cxx;c++;cppm;ixx;def;odl;idl;hpj;bat;asm;asmx</Extensions>
    </Filter>
    <Filter Include="Header Files">
      <UniqueIdentifier>{93995380-89BD-4b04-88EB-625FBE52EBFB}</UniqueIdentifier>
      <Extensions>h;hh;hpp;hxx;h++;hm;inl;inc;ipp;xsd</Extensions>
    </Filter>
    <Filter Include="Resource Files">
      <UniqueIdentifier>{67DA6AB6-F800-4c08-8B7A-83BB121AAD01}</UniqueIdentifier>
      <Extensions>rc;ico;cur;bmp;dlg;rc2;rct;bin;rgs;gif;jpg;jpeg;jpe;resx;tiff;tif;png;wav;mfcribbon-ms</Extensions>
    </Filter>
  </ItemGroup>
  <ItemGroup>
    <ClCompile Include="TextureHolder.cpp">
      <Filter>Source Files</Filter>
    </ClCompile>
    <ClCompile Include="Engine.cpp">
      <Filter>Source Files</Filter>
    </ClCompile>
    <ClCompile Include="Update.cpp">
      <Filter>Source Files</Filter>
    </ClCompile>
    <ClCompile Include="Draw.cpp">
      <Filter>Source Files</Filter>
    </ClCompile>
    <ClCompile Include="PlayableCharacter.cpp">
      <Filter>Source Files</Filter>
    </ClCompile>
    <ClCompile Include="fireMage.cpp">
      <Filter>Source Files</Filter>
    </ClCompile>
    <ClCompile Include="Dummy.cpp">
      <Filter>Source Files</Filter>
    </ClCompile>
    <ClCompile Include="Arena.cpp">
      <Filter>Source Files</Filter>
    </ClCompile>
    <ClCompile Include="Bullet.cpp">
      <Filter>Source Files</Filter>
    </ClCompile>
    <ClCompile Include="Ability.cpp">
      <Filter>Source Files</Filter>
    </ClCompile>
    <ClCompile Include="Input.cpp">
      <Filter>Source Files</Filter>
    </ClCompile>
    <ClCompile Include="Main.cpp">
      <Filter>Source Files</Filter>
    </ClCompile>
    <ClCompile Include="HUD.cpp">
      <Filter>Source Files</Filter>
    </ClCompile>
    <ClCompile Include="Enemy.cpp">
      <Filter>Source Files</Filter>
    </ClCompile>
    <ClCompile Include="Spider.cpp">
      <Filter>Source Files</Filter>
    </ClCompile>
    <ClCompile Include="Ghost.cpp">
      <Filter>Source Files</Filter>
    </ClCompile>
    <ClCompile Include="WaveSetup.cpp">
      <Filter>Source Files</Filter>
    </ClCompile>
    <ClCompile Include="Obstacle.cpp">
      <Filter>Source Files</Filter>
    </ClCompile>
    <ClCompile Include="Wall.cpp">
      <Filter>Source Files</Filter>
    </ClCompile>
    <ClCompile Include="Water.cpp">
      <Filter>Source Files</Filter>
    </ClCompile>
    <ClCompile Include="HealthStation.cpp">
      <Filter>Source Files</Filter>
    </ClCompile>
    <ClCompile Include="ShieldStation.cpp">
      <Filter>Source Files</Filter>
    </ClCompile>
    <ClCompile Include="Scorpion.cpp">
      <Filter>Source Files</Filter>
    </ClCompile>
    <ClCompile Include="FireBullet.cpp">
      <Filter>Source Files</Filter>
    </ClCompile>
    <ClCompile Include="Mummy.cpp">
      <Filter>Source Files</Filter>
    </ClCompile>
    <ClCompile Include="MummyBullet.cpp">
      <Filter>Source Files</Filter>
    </ClCompile>
    <ClCompile Include="Snail.cpp">
      <Filter>Source Files</Filter>
    </ClCompile>
    <ClCompile Include="MimicBullet.cpp">
      <Filter>Source Files</Filter>
    </ClCompile>
    <ClCompile Include="Mimic.cpp">
      <Filter>Source Files</Filter>
    </ClCompile>
    <ClCompile Include="Slime.cpp">
      <Filter>Source Files</Filter>
    </ClCompile>
    <ClCompile Include="MimicAbility.cpp">
      <Filter>Source Files</Filter>
    </ClCompile>
    <ClCompile Include="XP.cpp">
      <Filter>Source Files</Filter>
    </ClCompile>
    <ClCompile Include="XP-Gold.cpp">
      <Filter>Source Files</Filter>
    </ClCompile>
    <ClCompile Include="XP-Bronze.cpp">
      <Filter>Source Files</Filter>
    </ClCompile>
    <ClCompile Include="XP-Silver.cpp">
      <Filter>Source Files</Filter>
    </ClCompile>
    <ClCompile Include="DeployableStation.cpp">
      <Filter>Source Files</Filter>
    </ClCompile>
    <ClCompile Include="Deployable.cpp">
      <Filter>Source Files</Filter>
    </ClCompile>
    <ClCompile Include="LifeTree.cpp">
      <Filter>Source Files</Filter>
    </ClCompile>
    <ClCompile Include="LifeTreeBullet.cpp">
      <Filter>Source Files</Filter>
    </ClCompile>
    <ClCompile Include="FireTurret.cpp">
      <Filter>Source Files</Filter>
    </ClCompile>
    <ClCompile Include="FireTurretBullet.cpp">
      <Filter>Source Files</Filter>
    </ClCompile>
    <ClCompile Include="MainMenu.cpp">
      <Filter>Source Files</Filter>
    </ClCompile>
    <ClCompile Include="DeployMenu.cpp">
      <Filter>Source Files</Filter>
    </ClCompile>
    <ClCompile Include="SoundManager.cpp">
      <Filter>Source Files</Filter>
    </ClCompile>
    <ClCompile Include="waterMage.cpp">
      <Filter>Source Files</Filter>
    </ClCompile>
    <ClCompile Include="CharacterSelection.cpp">
      <Filter>Source Files</Filter>
    </ClCompile>
  </ItemGroup>
  <ItemGroup>
    <ClInclude Include="TextureHolder.h">
      <Filter>Header Files</Filter>
    </ClInclude>
    <ClInclude Include="Engine.h">
      <Filter>Header Files</Filter>
    </ClInclude>
    <ClInclude Include="PlayableCharacter.h">
      <Filter>Header Files</Filter>
    </ClInclude>
    <ClInclude Include="fireMage.h">
      <Filter>Header Files</Filter>
    </ClInclude>
    <ClInclude Include="Dummy.h">
      <Filter>Header Files</Filter>
    </ClInclude>
    <ClInclude Include="Arena.h">
      <Filter>Header Files</Filter>
    </ClInclude>
    <ClInclude Include="Bullet.h">
      <Filter>Header Files</Filter>
    </ClInclude>
    <ClInclude Include="Ability.h">
      <Filter>Header Files</Filter>
    </ClInclude>
    <ClInclude Include="HUD.h">
      <Filter>Header Files</Filter>
    </ClInclude>
    <ClInclude Include="Enemy.h">
      <Filter>Header Files</Filter>
    </ClInclude>
    <ClInclude Include="Spider.h">
      <Filter>Header Files</Filter>
    </ClInclude>
    <ClInclude Include="Ghost.h">
      <Filter>Header Files</Filter>
    </ClInclude>
    <ClInclude Include="Obstacle.h">
      <Filter>Header Files</Filter>
    </ClInclude>
    <ClInclude Include="Wall.h">
      <Filter>Header Files</Filter>
    </ClInclude>
    <ClInclude Include="Water.h">
      <Filter>Header Files</Filter>
    </ClInclude>
    <ClInclude Include="ShieldStation.h">
      <Filter>Header Files</Filter>
    </ClInclude>
    <ClInclude Include="HealthStation.h">
      <Filter>Header Files</Filter>
    </ClInclude>
    <ClInclude Include="Scorpion.h">
      <Filter>Header Files</Filter>
    </ClInclude>
    <ClInclude Include="FireBullet.h">
      <Filter>Header Files</Filter>
    </ClInclude>
    <ClInclude Include="Mummy.h">
      <Filter>Header Files</Filter>
    </ClInclude>
    <ClInclude Include="MummyBullet.h">
      <Filter>Header Files</Filter>
    </ClInclude>
    <ClInclude Include="Snail.h">
      <Filter>Header Files</Filter>
    </ClInclude>
    <ClInclude Include="Mimic.h">
      <Filter>Header Files</Filter>
    </ClInclude>
    <ClInclude Include="MimicBullet.h">
      <Filter>Header Files</Filter>
    </ClInclude>
    <ClInclude Include="Slime.h">
      <Filter>Header Files</Filter>
    </ClInclude>
    <ClInclude Include="MimicAbility.h">
      <Filter>Header Files</Filter>
    </ClInclude>
    <ClInclude Include="XP.h">
      <Filter>Header Files</Filter>
    </ClInclude>
    <ClInclude Include="XP-Gold.h">
      <Filter>Header Files</Filter>
    </ClInclude>
    <ClInclude Include="XP-Bronze.h">
      <Filter>Header Files</Filter>
    </ClInclude>
    <ClInclude Include="XP-Silver.h">
      <Filter>Header Files</Filter>
    </ClInclude>
    <ClInclude Include="DeployableStation.h">
      <Filter>Header Files</Filter>
    </ClInclude>
    <ClInclude Include="Deployable.h">
      <Filter>Header Files</Filter>
    </ClInclude>
    <ClInclude Include="LifeTree.h">
      <Filter>Header Files</Filter>
    </ClInclude>
    <ClInclude Include="LifeTreeBullet.h">
      <Filter>Header Files</Filter>
    </ClInclude>
    <ClInclude Include="FireTurret.h">
      <Filter>Header Files</Filter>
    </ClInclude>
    <ClInclude Include="FireTurretBullet.h">
      <Filter>Header Files</Filter>
    </ClInclude>
    <ClInclude Include="MainMenu.h">
      <Filter>Header Files</Filter>
    </ClInclude>
    <ClInclude Include="DeployMenu.h">
      <Filter>Header Files</Filter>
    </ClInclude>
    <ClInclude Include="SoundManager.h">
      <Filter>Header Files</Filter>
    </ClInclude>
    <ClInclude Include="waterMage.h">
      <Filter>Header Files</Filter>
    </ClInclude>
    <ClInclude Include="CharacterSelection.h">
      <Filter>Header Files</Filter>
    </ClInclude>
  </ItemGroup>
</Project>